
Microsoft Visual Studio Solution File, Format Version 12.00
# Visual Studio 15
VisualStudioVersion = 15.0.26730.12
MinimumVisualStudioVersion = 10.0.40219.1
Project("{FAE04EC0-301F-11D3-BF4B-00C04F79EFBC}") = "Lab 4", "Lab 4\Lab 4.csproj", "{F2B1E265-CBCC-422C-A94F-42733CC7BEFB}"
EndProject
Global
	GlobalSection(SolutionConfigurationPlatforms) = preSolution
		Debug|Any CPU = Debug|Any CPU
		Release|Any CPU = Release|Any CPU
	EndGlobalSection
	GlobalSection(ProjectConfigurationPlatforms) = postSolution
		{F2B1E265-CBCC-422C-A94F-42733CC7BEFB}.Debug|Any CPU.ActiveCfg = Debug|Any CPU
		{F2B1E265-CBCC-422C-A94F-42733CC7BEFB}.Debug|Any CPU.Build.0 = Debug|Any CPU
		{F2B1E265-CBCC-422C-A94F-42733CC7BEFB}.Release|Any CPU.ActiveCfg = Release|Any CPU
		{F2B1E265-CBCC-422C-A94F-42733CC7BEFB}.Release|Any CPU.Build.0 = Release|Any CPU
	EndGlobalSection
	GlobalSection(SolutionProperties) = preSolution
		HideSolutionNode = FALSE
	EndGlobalSection
	GlobalSection(ExtensibilityGlobals) = postSolution
		SolutionGuid = {F149F823-D768-483F-88C0-0C5373F0E698}
	EndGlobalSection
EndGlobal
